{
  "name": "webwerf-wh-photos",
  "version": "1.0.0",
  "lockfileVersion": 1,
  "requires": true,
  "dependencies": {
    "chocolat": {
      "version": "0.4.19",
      "resolved": "https://registry.npmjs.org/chocolat/-/chocolat-0.4.19.tgz",
      "integrity": "sha1-HGf8j4anbNm8W8r+xZXDk6Plohg=",
      "requires": {
        "jquery": "1.12.4"
      }
    },
    "hammerjs": {
      "version": "2.0.8",
      "resolved": "https://registry.npmjs.org/hammerjs/-/hammerjs-2.0.8.tgz",
      "integrity": "sha1-BO93hiz/K7edMPdpIJWTAiK/YPE="
    },
    "jquery": {
      "version": "1.12.4",
      "resolved": "https://registry.npmjs.org/jquery/-/jquery-1.12.4.tgz",
      "integrity": "sha1-AeHfuikP5z3rp3zurLD5ui/sngw="
    }
  }
}
